
Microsoft Visual Studio Solution File, Format Version 12.00
# Visual Studio Version 17
VisualStudioVersion = 17.12.35707.178
MinimumVisualStudioVersion = 10.0.40219.1
Project("{FAE04EC0-301F-11D3-BF4B-00C04F79EFBC}") = "Classroom", "Classroom\Classroom.csproj", "{85A62B8A-02F8-42F3-A352-019CB43AE8F7}"
EndProject
Project("{FAE04EC0-301F-11D3-BF4B-00C04F79EFBC}") = "Practical_1", "Practical_1\Practical_1.csproj", "{2E49E765-4970-4AA2-BE04-812857489972}"
EndProject
Project("{FAE04EC0-301F-11D3-BF4B-00C04F79EFBC}") = "Practical_2", "Practical_2\Practical_2.csproj", "{E555E948-F3F3-4BC6-9928-85998651AA24}"
EndProject
Project("{FAE04EC0-301F-11D3-BF4B-00C04F79EFBC}") = "Practical_3", "Practical_3\Practical_3.csproj", "{ED0454D0-0D2D-4756-9D8D-6A3F6125D7D1}"
EndProject
Project("{FAE04EC0-301F-11D3-BF4B-00C04F79EFBC}") = "Practical_4", "Practical_4\Practical_4.csproj", "{DD97A054-D9BD-4A78-82C0-6D7BC827F03A}"
EndProject
Global
	GlobalSection(SolutionConfigurationPlatforms) = preSolution
		Debug|Any CPU = Debug|Any CPU
		Release|Any CPU = Release|Any CPU
	EndGlobalSection
	GlobalSection(ProjectConfigurationPlatforms) = postSolution
		{85A62B8A-02F8-42F3-A352-019CB43AE8F7}.Debug|Any CPU.ActiveCfg = Debug|Any CPU
		{85A62B8A-02F8-42F3-A352-019CB43AE8F7}.Debug|Any CPU.Build.0 = Debug|Any CPU
		{85A62B8A-02F8-42F3-A352-019CB43AE8F7}.Release|Any CPU.ActiveCfg = Release|Any CPU
		{85A62B8A-02F8-42F3-A352-019CB43AE8F7}.Release|Any CPU.Build.0 = Release|Any CPU
		{2E49E765-4970-4AA2-BE04-812857489972}.Debug|Any CPU.ActiveCfg = Debug|Any CPU
		{2E49E765-4970-4AA2-BE04-812857489972}.Debug|Any CPU.Build.0 = Debug|Any CPU
		{2E49E765-4970-4AA2-BE04-812857489972}.Release|Any CPU.ActiveCfg = Release|Any CPU
		{2E49E765-4970-4AA2-BE04-812857489972}.Release|Any CPU.Build.0 = Release|Any CPU
		{E555E948-F3F3-4BC6-9928-85998651AA24}.Debug|Any CPU.ActiveCfg = Debug|Any CPU
		{E555E948-F3F3-4BC6-9928-85998651AA24}.Debug|Any CPU.Build.0 = Debug|Any CPU
		{E555E948-F3F3-4BC6-9928-85998651AA24}.Release|Any CPU.ActiveCfg = Release|Any CPU
		{E555E948-F3F3-4BC6-9928-85998651AA24}.Release|Any CPU.Build.0 = Release|Any CPU
		{ED0454D0-0D2D-4756-9D8D-6A3F6125D7D1}.Debug|Any CPU.ActiveCfg = Debug|Any CPU
		{ED0454D0-0D2D-4756-9D8D-6A3F6125D7D1}.Debug|Any CPU.Build.0 = Debug|Any CPU
		{ED0454D0-0D2D-4756-9D8D-6A3F6125D7D1}.Release|Any CPU.ActiveCfg = Release|Any CPU
		{ED0454D0-0D2D-4756-9D8D-6A3F6125D7D1}.Release|Any CPU.Build.0 = Release|Any CPU
		{DD97A054-D9BD-4A78-82C0-6D7BC827F03A}.Debug|Any CPU.ActiveCfg = Debug|Any CPU
		{DD97A054-D9BD-4A78-82C0-6D7BC827F03A}.Debug|Any CPU.Build.0 = Debug|Any CPU
		{DD97A054-D9BD-4A78-82C0-6D7BC827F03A}.Release|Any CPU.ActiveCfg = Release|Any CPU
		{DD97A054-D9BD-4A78-82C0-6D7BC827F03A}.Release|Any CPU.Build.0 = Release|Any CPU
	EndGlobalSection
	GlobalSection(SolutionProperties) = preSolution
		HideSolutionNode = FALSE
	EndGlobalSection
EndGlobal
